
Microsoft Visual Studio Solution File, Format Version 12.00
# Visual Studio Version 17
VisualStudioVersion = 17.13.35806.99 d17.13
MinimumVisualStudioVersion = 10.0.40219.1
Project("{FAE04EC0-301F-11D3-BF4B-00C04F79EFBC}") = "Lab2", "Lab2\Lab2.csproj", "{B745766F-031F-43EA-853A-50AD39CF5283}"
EndProject
Global
	GlobalSection(SolutionConfigurationPlatforms) = preSolution
		Debug|Any CPU = Debug|Any CPU
		Release|Any CPU = Release|Any CPU
	EndGlobalSection
	GlobalSection(ProjectConfigurationPlatforms) = postSolution
		{B745766F-031F-43EA-853A-50AD39CF5283}.Debug|Any CPU.ActiveCfg = Debug|Any CPU
		{B745766F-031F-43EA-853A-50AD39CF5283}.Debug|Any CPU.Build.0 = Debug|Any CPU
		{B745766F-031F-43EA-853A-50AD39CF5283}.Release|Any CPU.ActiveCfg = Release|Any CPU
		{B745766F-031F-43EA-853A-50AD39CF5283}.Release|Any CPU.Build.0 = Release|Any CPU
	EndGlobalSection
	GlobalSection(SolutionProperties) = preSolution
		HideSolutionNode = FALSE
	EndGlobalSection
	GlobalSection(ExtensibilityGlobals) = postSolution
		SolutionGuid = {0D43D41B-5500-4B2B-9F50-E13B07F4FFE3}
	EndGlobalSection
EndGlobal
